{
  "version": 4,
  "terraform_version": "1.6.6",
  "serial": 573,
  "lineage": "3cd53b38-dc42-87aa-2699-a548488058a7",
  "outputs": {},
  "resources": [
    {
      "module": "module.compute",
      "mode": "managed",
      "type": "google_compute_image",
      "name": "image",
      "provider": "provider[\"registry.terraform.io/hashicorp/google\"]",
      "instances": [
        {
          "schema_version": 0,
          "attributes": {
            "archive_size_bytes": 648596224,
            "creation_timestamp": "2024-01-03T02:46:45.364-08:00",
            "description": "",
            "disk_size_gb": 10,
            "family": "",
            "guest_os_features": [
              {
                "type": "UEFI_COMPATIBLE"
              },
              {
                "type": "VIRTIO_SCSI_MULTIQUEUE"
              }
            ],
            "id": "projects/gd-gcp-internship-devops/global/images/md-internship-sp-image",
            "image_encryption_key": [],
            "label_fingerprint": "42WmSpB8rSM=",
            "labels": null,
            "licenses": [
              "https://www.googleapis.com/compute/v1/projects/debian-cloud/global/licenses/debian-10-buster"
            ],
            "name": "md-internship-sp-image",
            "project": "gd-gcp-internship-devops",
            "raw_disk": [],
            "self_link": "https://www.googleapis.com/compute/v1/projects/gd-gcp-internship-devops/global/images/md-internship-sp-image",
            "source_disk": "https://www.googleapis.com/compute/v1/projects/gd-gcp-internship-devops/zones/us-central1-c/disks/temp-vm",
            "source_image": "",
            "source_snapshot": "",
            "timeouts": null
          },
          "sensitive_attributes": [],
          "private": "eyJlMmJmYjczMC1lY2FhLTExZTYtOGY4OC0zNDM2M2JjN2M0YzAiOnsiY3JlYXRlIjoxMjAwMDAwMDAwMDAwLCJkZWxldGUiOjEyMDAwMDAwMDAwMDAsInVwZGF0ZSI6MTIwMDAwMDAwMDAwMH19",
          "dependencies": [
            "module.compute.google_compute_instance.temporary_instance",
            "module.network.google_compute_network.network",
            "module.network.google_compute_subnetwork.subnetwork"
          ]
        }
      ]
    },
    {
      "module": "module.compute",
      "mode": "managed",
      "type": "google_compute_instance",
      "name": "temporary_instance",
      "provider": "provider[\"registry.terraform.io/hashicorp/google\"]",
      "instances": [
        {
          "schema_version": 6,
          "attributes": {
            "advanced_machine_features": [],
            "allow_stopping_for_update": null,
            "attached_disk": [],
            "boot_disk": [
              {
                "auto_delete": true,
                "device_name": "persistent-disk-0",
                "disk_encryption_key_raw": "",
                "disk_encryption_key_sha256": "",
                "initialize_params": [
                  {
                    "image": "https://www.googleapis.com/compute/v1/projects/debian-cloud/global/images/debian-10-buster-v20231212",
                    "labels": {},
                    "size": 10,
                    "type": "pd-standard"
                  }
                ],
                "kms_key_self_link": "",
                "mode": "READ_WRITE",
                "source": "https://www.googleapis.com/compute/v1/projects/gd-gcp-internship-devops/zones/us-central1-c/disks/temp-vm"
              }
            ],
            "can_ip_forward": false,
            "confidential_instance_config": [],
            "cpu_platform": "Unknown CPU Platform",
            "current_status": "TERMINATED",
            "deletion_protection": false,
            "description": "",
            "desired_status": null,
            "enable_display": false,
            "guest_accelerator": [],
            "hostname": "",
            "id": "projects/gd-gcp-internship-devops/zones/us-central1-c/instances/temp-vm",
            "instance_id": "7374965566319658715",
            "label_fingerprint": "42WmSpB8rSM=",
            "labels": {},
            "machine_type": "e2-micro",
            "metadata": {
              "startup-script": "#! /bin/bash\nsudo apt update\nsudo apt install -y apache2\necho \"\u003chtml\u003e\u003cbody\u003e\u003ch1\u003eA simple website\u003c/h1\u003e\u003c/body\u003e\u003c/html\u003e\" \u003e /var/www/html/index.html\n"
            },
            "metadata_fingerprint": "DHyhRUUOLEw=",
            "metadata_startup_script": null,
            "min_cpu_platform": "",
            "name": "temp-vm",
            "network_interface": [
              {
                "access_config": [
                  {
                    "nat_ip": "",
                    "network_tier": "PREMIUM",
                    "public_ptr_domain_name": ""
                  }
                ],
                "alias_ip_range": [],
                "ipv6_access_config": [],
                "ipv6_access_type": "",
                "name": "nic0",
                "network": "https://www.googleapis.com/compute/v1/projects/gd-gcp-internship-devops/global/networks/md-internship-sp-network",
                "network_ip": "10.0.2.2",
                "nic_type": "",
                "queue_count": 0,
                "stack_type": "IPV4_ONLY",
                "subnetwork": "https://www.googleapis.com/compute/v1/projects/gd-gcp-internship-devops/regions/us-central1/subnetworks/md-internship-sp-subnet",
                "subnetwork_project": "gd-gcp-internship-devops"
              }
            ],
            "project": "gd-gcp-internship-devops",
            "reservation_affinity": [],
            "resource_policies": [],
            "scheduling": [
              {
                "automatic_restart": true,
                "instance_termination_action": "",
                "min_node_cpus": 0,
                "node_affinities": [],
                "on_host_maintenance": "MIGRATE",
                "preemptible": false,
                "provisioning_model": "STANDARD"
              }
            ],
            "scratch_disk": [],
            "self_link": "https://www.googleapis.com/compute/v1/projects/gd-gcp-internship-devops/zones/us-central1-c/instances/temp-vm",
            "service_account": [],
            "shielded_instance_config": [
              {
                "enable_integrity_monitoring": true,
                "enable_secure_boot": false,
                "enable_vtpm": true
              }
            ],
            "tags": [
              "web"
            ],
            "tags_fingerprint": "3d9fNIIa_10=",
            "timeouts": null,
            "zone": "us-central1-c"
          },
          "sensitive_attributes": [],
          "private": "eyJlMmJmYjczMC1lY2FhLTExZTYtOGY4OC0zNDM2M2JjN2M0YzAiOnsiY3JlYXRlIjoxMjAwMDAwMDAwMDAwLCJkZWxldGUiOjEyMDAwMDAwMDAwMDAsInVwZGF0ZSI6MTIwMDAwMDAwMDAwMH0sInNjaGVtYV92ZXJzaW9uIjoiNiJ9",
          "dependencies": [
            "module.network.google_compute_network.network",
            "module.network.google_compute_subnetwork.subnetwork"
          ]
        }
      ]
    },
    {
      "module": "module.compute",
      "mode": "managed",
      "type": "google_compute_instance_group_manager",
      "name": "instance_group",
      "provider": "provider[\"registry.terraform.io/hashicorp/google\"]",
      "instances": [
        {
          "schema_version": 0,
          "attributes": {
            "auto_healing_policies": [],
            "base_instance_name": "md-internship-sp-instance",
            "description": "",
            "fingerprint": "RO6m5lYURdk=",
            "id": "projects/gd-gcp-internship-devops/zones/us-central1-c/instanceGroupManagers/md-internship-sp-instance-group",
            "instance_group": "https://www.googleapis.com/compute/v1/projects/gd-gcp-internship-devops/zones/us-central1-c/instanceGroups/md-internship-sp-instance-group",
            "list_managed_instances_results": "PAGELESS",
            "name": "md-internship-sp-instance-group",
            "named_port": [
              {
                "name": "http",
                "port": 80
              }
            ],
            "operation": null,
            "project": "gd-gcp-internship-devops",
            "self_link": "https://www.googleapis.com/compute/v1/projects/gd-gcp-internship-devops/zones/us-central1-c/instanceGroupManagers/md-internship-sp-instance-group",
            "stateful_disk": [],
            "status": [
              {
                "is_stable": false,
                "stateful": [
                  {
                    "has_stateful_config": false,
                    "per_instance_configs": [
                      {
                        "all_effective": true
                      }
                    ]
                  }
                ],
                "version_target": [
                  {
                    "is_reached": true
                  }
                ]
              }
            ],
            "target_pools": null,
            "target_size": 3,
            "timeouts": null,
            "update_policy": [
              {
                "max_surge_fixed": 1,
                "max_surge_percent": 0,
                "max_unavailable_fixed": 1,
                "max_unavailable_percent": 0,
                "minimal_action": "REPLACE",
                "most_disruptive_allowed_action": "",
                "replacement_method": "SUBSTITUTE",
                "type": "OPPORTUNISTIC"
              }
            ],
            "version": [
              {
                "instance_template": "https://www.googleapis.com/compute/v1/projects/gd-gcp-internship-devops/global/instanceTemplates/md-internship-sp-instance-template",
                "name": "",
                "target_size": []
              }
            ],
            "wait_for_instances": false,
            "wait_for_instances_status": "STABLE",
            "zone": "us-central1-c"
          },
          "sensitive_attributes": [],
          "private": "eyJlMmJmYjczMC1lY2FhLTExZTYtOGY4OC0zNDM2M2JjN2M0YzAiOnsiY3JlYXRlIjo5MDAwMDAwMDAwMDAsImRlbGV0ZSI6OTAwMDAwMDAwMDAwLCJ1cGRhdGUiOjkwMDAwMDAwMDAwMH19",
          "dependencies": [
            "module.compute.google_compute_image.image",
            "module.compute.google_compute_instance.temporary_instance",
            "module.compute.google_compute_instance_template.instance_template",
            "module.network.google_compute_network.network",
            "module.network.google_compute_subnetwork.subnetwork"
          ]
        }
      ]
    },
    {
      "module": "module.compute",
      "mode": "managed",
      "type": "google_compute_instance_template",
      "name": "instance_template",
      "provider": "provider[\"registry.terraform.io/hashicorp/google\"]",
      "instances": [
        {
          "schema_version": 1,
          "attributes": {
            "advanced_machine_features": [],
            "can_ip_forward": false,
            "confidential_instance_config": null,
            "description": "",
            "disk": [
              {
                "auto_delete": true,
                "boot": true,
                "device_name": "persistent-disk-0",
                "disk_encryption_key": [],
                "disk_name": "",
                "disk_size_gb": 0,
                "disk_type": "pd-standard",
                "interface": "SCSI",
                "labels": null,
                "mode": "READ_WRITE",
                "resource_policies": null,
                "source": "",
                "source_image": "projects/gd-gcp-internship-devops/global/images/md-internship-sp-image",
                "source_image_encryption_key": [],
                "source_snapshot": "",
                "source_snapshot_encryption_key": [],
                "type": "PERSISTENT"
              }
            ],
            "guest_accelerator": [],
            "id": "projects/gd-gcp-internship-devops/global/instanceTemplates/md-internship-sp-instance-template",
            "instance_description": "",
            "labels": null,
            "machine_type": "e2-micro",
            "metadata": null,
            "metadata_fingerprint": "63TQQQTxWrw=",
            "metadata_startup_script": "hostname \u003e\u003e /var/www/html/index.html",
            "min_cpu_platform": "",
            "name": "md-internship-sp-instance-template",
            "name_prefix": null,
            "network_interface": [
              {
                "access_config": [
                  {
                    "nat_ip": "",
                    "network_tier": "PREMIUM",
                    "public_ptr_domain_name": ""
                  }
                ],
                "alias_ip_range": [],
                "ipv6_access_config": [],
                "ipv6_access_type": "",
                "name": "nic0",
                "network": "https://www.googleapis.com/compute/v1/projects/gd-gcp-internship-devops/global/networks/md-internship-sp-network",
                "network_ip": "",
                "nic_type": "",
                "queue_count": 0,
                "stack_type": "",
                "subnetwork": "https://www.googleapis.com/compute/v1/projects/gd-gcp-internship-devops/regions/us-central1/subnetworks/md-internship-sp-subnet",
                "subnetwork_project": "gd-gcp-internship-devops"
              }
            ],
            "project": "gd-gcp-internship-devops",
            "region": "us-central1",
            "reservation_affinity": [],
            "resource_policies": null,
            "scheduling": [
              {
                "automatic_restart": true,
                "instance_termination_action": "",
                "min_node_cpus": 0,
                "node_affinities": [],
                "on_host_maintenance": "MIGRATE",
                "preemptible": false,
                "provisioning_model": "STANDARD"
              }
            ],
            "self_link": "https://www.googleapis.com/compute/v1/projects/gd-gcp-internship-devops/global/instanceTemplates/md-internship-sp-instance-template",
            "self_link_unique": "https://www.googleapis.com/compute/v1/projects/gd-gcp-internship-devops/global/instanceTemplates/md-internship-sp-instance-template?uniqueId=2702481214915773871",
            "service_account": [],
            "shielded_instance_config": [],
            "tags": [
              "allow-health-check",
              "allow-lb-service",
              "web"
            ],
            "tags_fingerprint": "",
            "timeouts": null
          },
          "sensitive_attributes": [],
          "private": "eyJlMmJmYjczMC1lY2FhLTExZTYtOGY4OC0zNDM2M2JjN2M0YzAiOnsiY3JlYXRlIjoyNDAwMDAwMDAwMDAsImRlbGV0ZSI6MjQwMDAwMDAwMDAwfSwic2NoZW1hX3ZlcnNpb24iOiIxIn0=",
          "dependencies": [
            "module.compute.google_compute_image.image",
            "module.compute.google_compute_instance.temporary_instance",
            "module.network.google_compute_network.network",
            "module.network.google_compute_subnetwork.subnetwork"
          ]
        }
      ]
    },
    {
      "module": "module.lb",
      "mode": "managed",
      "type": "google_compute_backend_service",
      "name": "default",
      "provider": "provider[\"registry.terraform.io/hashicorp/google\"]",
      "instances": [
        {
          "schema_version": 1,
          "attributes": {
            "affinity_cookie_ttl_sec": 0,
            "backend": [
              {
                "balancing_mode": "UTILIZATION",
                "capacity_scaler": 1,
                "description": "",
                "group": "https://www.googleapis.com/compute/v1/projects/gd-gcp-internship-devops/zones/us-central1-c/instanceGroups/md-internship-sp-instance-group",
                "max_connections": 0,
                "max_connections_per_endpoint": 0,
                "max_connections_per_instance": 0,
                "max_rate": 0,
                "max_rate_per_endpoint": 0,
                "max_rate_per_instance": 0,
                "max_utilization": 0
              }
            ],
            "cdn_policy": [],
            "circuit_breakers": [],
            "compression_mode": "",
            "connection_draining_timeout_sec": 300,
            "consistent_hash": [],
            "creation_timestamp": "2024-01-03T02:47:55.290-08:00",
            "custom_request_headers": null,
            "custom_response_headers": null,
            "description": "",
            "edge_security_policy": "",
            "enable_cdn": false,
            "fingerprint": "XE4h72LYw_o=",
            "generated_id": 9183181711724807604,
            "health_checks": [
              "projects/gd-gcp-internship-devops/global/healthChecks/tcp-proxy-health-check"
            ],
            "iap": [],
            "id": "projects/gd-gcp-internship-devops/global/backendServices/l7-xlb-backend-service",
            "load_balancing_scheme": "EXTERNAL",
            "locality_lb_policies": [],
            "locality_lb_policy": "",
            "log_config": [],
            "name": "l7-xlb-backend-service",
            "outlier_detection": [],
            "port_name": "http",
            "project": "gd-gcp-internship-devops",
            "protocol": "HTTP",
            "security_policy": "",
            "security_settings": [],
            "self_link": "https://www.googleapis.com/compute/v1/projects/gd-gcp-internship-devops/global/backendServices/l7-xlb-backend-service",
            "session_affinity": "NONE",
            "timeout_sec": 10,
            "timeouts": null
          },
          "sensitive_attributes": [],
          "private": "eyJlMmJmYjczMC1lY2FhLTExZTYtOGY4OC0zNDM2M2JjN2M0YzAiOnsiY3JlYXRlIjoxMjAwMDAwMDAwMDAwLCJkZWxldGUiOjEyMDAwMDAwMDAwMDAsInVwZGF0ZSI6MTIwMDAwMDAwMDAwMH0sInNjaGVtYV92ZXJzaW9uIjoiMSJ9",
          "dependencies": [
            "module.compute.google_compute_image.image",
            "module.compute.google_compute_instance.temporary_instance",
            "module.compute.google_compute_instance_group_manager.instance_group",
            "module.compute.google_compute_instance_template.instance_template",
            "module.lb.google_compute_health_check.default",
            "module.network.google_compute_network.network",
            "module.network.google_compute_subnetwork.subnetwork"
          ]
        }
      ]
    },
    {
      "module": "module.lb",
      "mode": "managed",
      "type": "google_compute_firewall",
      "name": "default",
      "provider": "provider[\"registry.terraform.io/hashicorp/google\"]",
      "instances": [
        {
          "schema_version": 1,
          "attributes": {
            "allow": [
              {
                "ports": [],
                "protocol": "tcp"
              }
            ],
            "creation_timestamp": "2024-01-03T02:46:22.263-08:00",
            "deny": [],
            "description": "",
            "destination_ranges": [],
            "direction": "INGRESS",
            "disabled": false,
            "enable_logging": null,
            "id": "projects/gd-gcp-internship-devops/global/firewalls/tcp-proxy-xlb-fw-allow-hc",
            "log_config": [],
            "name": "tcp-proxy-xlb-fw-allow-hc",
            "network": "https://www.googleapis.com/compute/v1/projects/gd-gcp-internship-devops/global/networks/md-internship-sp-network",
            "priority": 1000,
            "project": "gd-gcp-internship-devops",
            "self_link": "https://www.googleapis.com/compute/v1/projects/gd-gcp-internship-devops/global/firewalls/tcp-proxy-xlb-fw-allow-hc",
            "source_ranges": [
              "130.211.0.0/22",
              "35.191.0.0/16"
            ],
            "source_service_accounts": null,
            "source_tags": null,
            "target_service_accounts": null,
            "target_tags": [
              "allow-health-check"
            ],
            "timeouts": null
          },
          "sensitive_attributes": [],
          "private": "eyJlMmJmYjczMC1lY2FhLTExZTYtOGY4OC0zNDM2M2JjN2M0YzAiOnsiY3JlYXRlIjoxMjAwMDAwMDAwMDAwLCJkZWxldGUiOjEyMDAwMDAwMDAwMDAsInVwZGF0ZSI6MTIwMDAwMDAwMDAwMH0sInNjaGVtYV92ZXJzaW9uIjoiMSJ9",
          "dependencies": [
            "module.network.google_compute_network.network"
          ]
        }
      ]
    },
    {
      "module": "module.lb",
      "mode": "managed",
      "type": "google_compute_global_forwarding_rule",
      "name": "default",
      "provider": "provider[\"registry.terraform.io/hashicorp/google\"]",
      "instances": [
        {
          "schema_version": 0,
          "attributes": {
            "base_forwarding_rule": "",
            "description": "",
            "id": "projects/gd-gcp-internship-devops/global/forwardingRules/l7-xlb-forwarding-rule",
            "ip_address": "34.117.12.147",
            "ip_protocol": "TCP",
            "ip_version": "",
            "label_fingerprint": "42WmSpB8rSM=",
            "labels": null,
            "load_balancing_scheme": "EXTERNAL",
            "metadata_filters": [],
            "name": "l7-xlb-forwarding-rule",
            "network": "",
            "port_range": "80-80",
            "project": "gd-gcp-internship-devops",
            "psc_connection_id": "",
            "psc_connection_status": "",
            "self_link": "https://www.googleapis.com/compute/v1/projects/gd-gcp-internship-devops/global/forwardingRules/l7-xlb-forwarding-rule",
            "source_ip_ranges": null,
            "target": "https://www.googleapis.com/compute/v1/projects/gd-gcp-internship-devops/global/targetHttpProxies/test-proxy-health-check",
            "timeouts": null
          },
          "sensitive_attributes": [],
          "private": "eyJlMmJmYjczMC1lY2FhLTExZTYtOGY4OC0zNDM2M2JjN2M0YzAiOnsiY3JlYXRlIjoxMjAwMDAwMDAwMDAwLCJkZWxldGUiOjEyMDAwMDAwMDAwMDAsInVwZGF0ZSI6MTIwMDAwMDAwMDAwMH19",
          "dependencies": [
            "module.compute.google_compute_image.image",
            "module.compute.google_compute_instance.temporary_instance",
            "module.compute.google_compute_instance_group_manager.instance_group",
            "module.compute.google_compute_instance_template.instance_template",
            "module.lb.google_compute_backend_service.default",
            "module.lb.google_compute_health_check.default",
            "module.lb.google_compute_target_http_proxy.default",
            "module.lb.google_compute_url_map.default",
            "module.network.google_compute_network.network",
            "module.network.google_compute_subnetwork.subnetwork"
          ]
        }
      ]
    },
    {
      "module": "module.lb",
      "mode": "managed",
      "type": "google_compute_health_check",
      "name": "default",
      "provider": "provider[\"registry.terraform.io/hashicorp/google\"]",
      "instances": [
        {
          "schema_version": 0,
          "attributes": {
            "check_interval_sec": 5,
            "creation_timestamp": "2024-01-03T02:46:22.104-08:00",
            "description": "",
            "grpc_health_check": [],
            "healthy_threshold": 2,
            "http2_health_check": [],
            "http_health_check": [
              {
                "host": "",
                "port": 0,
                "port_name": "",
                "port_specification": "USE_SERVING_PORT",
                "proxy_header": "NONE",
                "request_path": "/",
                "response": ""
              }
            ],
            "https_health_check": [],
            "id": "projects/gd-gcp-internship-devops/global/healthChecks/tcp-proxy-health-check",
            "log_config": [
              {
                "enable": false
              }
            ],
            "name": "tcp-proxy-health-check",
            "project": "gd-gcp-internship-devops",
            "self_link": "https://www.googleapis.com/compute/v1/projects/gd-gcp-internship-devops/global/healthChecks/tcp-proxy-health-check",
            "ssl_health_check": [],
            "tcp_health_check": [],
            "timeout_sec": 5,
            "timeouts": null,
            "type": "HTTP",
            "unhealthy_threshold": 2
          },
          "sensitive_attributes": [],
          "private": "eyJlMmJmYjczMC1lY2FhLTExZTYtOGY4OC0zNDM2M2JjN2M0YzAiOnsiY3JlYXRlIjoxMjAwMDAwMDAwMDAwLCJkZWxldGUiOjEyMDAwMDAwMDAwMDAsInVwZGF0ZSI6MTIwMDAwMDAwMDAwMH19"
        }
      ]
    },
    {
      "module": "module.lb",
      "mode": "managed",
      "type": "google_compute_target_http_proxy",
      "name": "default",
      "provider": "provider[\"registry.terraform.io/hashicorp/google\"]",
      "instances": [
        {
          "schema_version": 0,
          "attributes": {
            "creation_timestamp": "2024-01-03T02:48:28.975-08:00",
            "description": "",
            "id": "projects/gd-gcp-internship-devops/global/targetHttpProxies/test-proxy-health-check",
            "name": "test-proxy-health-check",
            "project": "gd-gcp-internship-devops",
            "proxy_bind": false,
            "proxy_id": 7524755724748490131,
            "self_link": "https://www.googleapis.com/compute/v1/projects/gd-gcp-internship-devops/global/targetHttpProxies/test-proxy-health-check",
            "timeouts": null,
            "url_map": "https://www.googleapis.com/compute/v1/projects/gd-gcp-internship-devops/global/urlMaps/l7-xlb-url-map"
          },
          "sensitive_attributes": [],
          "private": "eyJlMmJmYjczMC1lY2FhLTExZTYtOGY4OC0zNDM2M2JjN2M0YzAiOnsiY3JlYXRlIjoxMjAwMDAwMDAwMDAwLCJkZWxldGUiOjEyMDAwMDAwMDAwMDAsInVwZGF0ZSI6MTIwMDAwMDAwMDAwMH19",
          "dependencies": [
            "module.compute.google_compute_image.image",
            "module.compute.google_compute_instance.temporary_instance",
            "module.compute.google_compute_instance_group_manager.instance_group",
            "module.compute.google_compute_instance_template.instance_template",
            "module.lb.google_compute_backend_service.default",
            "module.lb.google_compute_health_check.default",
            "module.lb.google_compute_url_map.default",
            "module.network.google_compute_network.network",
            "module.network.google_compute_subnetwork.subnetwork"
          ]
        }
      ]
    },
    {
      "module": "module.lb",
      "mode": "managed",
      "type": "google_compute_url_map",
      "name": "default",
      "provider": "provider[\"registry.terraform.io/hashicorp/google\"]",
      "instances": [
        {
          "schema_version": 0,
          "attributes": {
            "creation_timestamp": "2024-01-03T02:48:17.326-08:00",
            "default_route_action": [],
            "default_service": "https://www.googleapis.com/compute/v1/projects/gd-gcp-internship-devops/global/backendServices/l7-xlb-backend-service",
            "default_url_redirect": [],
            "description": "",
            "fingerprint": "x_kMBmT_MqA=",
            "header_action": [],
            "host_rule": [],
            "id": "projects/gd-gcp-internship-devops/global/urlMaps/l7-xlb-url-map",
            "map_id": 7662017966086063518,
            "name": "l7-xlb-url-map",
            "path_matcher": [],
            "project": "gd-gcp-internship-devops",
            "self_link": "https://www.googleapis.com/compute/v1/projects/gd-gcp-internship-devops/global/urlMaps/l7-xlb-url-map",
            "test": [],
            "timeouts": null
          },
          "sensitive_attributes": [],
          "private": "eyJlMmJmYjczMC1lY2FhLTExZTYtOGY4OC0zNDM2M2JjN2M0YzAiOnsiY3JlYXRlIjoxMjAwMDAwMDAwMDAwLCJkZWxldGUiOjEyMDAwMDAwMDAwMDAsInVwZGF0ZSI6MTIwMDAwMDAwMDAwMH19",
          "dependencies": [
            "module.compute.google_compute_image.image",
            "module.compute.google_compute_instance.temporary_instance",
            "module.compute.google_compute_instance_group_manager.instance_group",
            "module.compute.google_compute_instance_template.instance_template",
            "module.lb.google_compute_backend_service.default",
            "module.lb.google_compute_health_check.default",
            "module.network.google_compute_network.network",
            "module.network.google_compute_subnetwork.subnetwork"
          ]
        }
      ]
    },
    {
      "module": "module.network",
      "mode": "managed",
      "type": "google_compute_network",
      "name": "network",
      "provider": "provider[\"registry.terraform.io/hashicorp/google\"]",
      "instances": [
        {
          "schema_version": 0,
          "attributes": {
            "auto_create_subnetworks": false,
            "delete_default_routes_on_create": false,
            "description": "",
            "enable_ula_internal_ipv6": false,
            "gateway_ipv4": "",
            "id": "projects/gd-gcp-internship-devops/global/networks/md-internship-sp-network",
            "internal_ipv6_range": "",
            "mtu": 0,
            "name": "md-internship-sp-network",
            "network_firewall_policy_enforcement_order": "AFTER_CLASSIC_FIREWALL",
            "project": "gd-gcp-internship-devops",
            "routing_mode": "REGIONAL",
            "self_link": "https://www.googleapis.com/compute/v1/projects/gd-gcp-internship-devops/global/networks/md-internship-sp-network",
            "timeouts": null
          },
          "sensitive_attributes": [],
          "private": "eyJlMmJmYjczMC1lY2FhLTExZTYtOGY4OC0zNDM2M2JjN2M0YzAiOnsiY3JlYXRlIjoxMjAwMDAwMDAwMDAwLCJkZWxldGUiOjEyMDAwMDAwMDAwMDAsInVwZGF0ZSI6MTIwMDAwMDAwMDAwMH19"
        }
      ]
    },
    {
      "module": "module.network",
      "mode": "managed",
      "type": "google_compute_subnetwork",
      "name": "subnetwork",
      "provider": "provider[\"registry.terraform.io/hashicorp/google\"]",
      "instances": [
        {
          "index_key": "md-internship-sp-subnet",
          "schema_version": 0,
          "attributes": {
            "creation_timestamp": "2024-01-03T02:34:15.717-08:00",
            "description": "",
            "external_ipv6_prefix": "",
            "fingerprint": null,
            "gateway_address": "10.0.2.1",
            "id": "projects/gd-gcp-internship-devops/regions/us-central1/subnetworks/md-internship-sp-subnet",
            "ip_cidr_range": "10.0.2.0/24",
            "ipv6_access_type": "",
            "ipv6_cidr_range": "",
            "log_config": [],
            "name": "md-internship-sp-subnet",
            "network": "https://www.googleapis.com/compute/v1/projects/gd-gcp-internship-devops/global/networks/md-internship-sp-network",
            "private_ip_google_access": false,
            "private_ipv6_google_access": "DISABLE_GOOGLE_ACCESS",
            "project": "gd-gcp-internship-devops",
            "purpose": "PRIVATE",
            "region": "us-central1",
            "role": "",
            "secondary_ip_range": [],
            "self_link": "https://www.googleapis.com/compute/v1/projects/gd-gcp-internship-devops/regions/us-central1/subnetworks/md-internship-sp-subnet",
            "stack_type": "IPV4_ONLY",
            "timeouts": null
          },
          "sensitive_attributes": [],
          "private": "eyJlMmJmYjczMC1lY2FhLTExZTYtOGY4OC0zNDM2M2JjN2M0YzAiOnsiY3JlYXRlIjoxMjAwMDAwMDAwMDAwLCJkZWxldGUiOjEyMDAwMDAwMDAwMDAsInVwZGF0ZSI6MTIwMDAwMDAwMDAwMH19",
          "dependencies": [
            "module.network.google_compute_network.network"
          ]
        }
      ]
    }
  ],
  "check_results": null
}
